
Microsoft Visual Studio Solution File, Format Version 12.00
# Visual Studio 15
VisualStudioVersion = 15.0.26124.0
MinimumVisualStudioVersion = 15.0.26124.0
Project("{FAE04EC0-301F-11D3-BF4B-00C04F79EFBC}") = "Memory", "Memory\Memory.csproj", "{86B4F973-9F6A-42B7-AF62-8E297772C741}"
EndProject
Project("{FAE04EC0-301F-11D3-BF4B-00C04F79EFBC}") = "DataListenerWorker", "DataListenerWorker\DataListenerWorker.csproj", "{0B55E32F-0420-42A3-B16C-E82EFBE30761}"
EndProject
Project("{FAE04EC0-301F-11D3-BF4B-00C04F79EFBC}") = "Homie", "Homie\Homie.csproj", "{9C76961D-1B39-460A-B79C-90568536F24D}"
EndProject
Global
	GlobalSection(SolutionConfigurationPlatforms) = preSolution
		Debug|Any CPU = Debug|Any CPU
		Debug|x64 = Debug|x64
		Debug|x86 = Debug|x86
		Release|Any CPU = Release|Any CPU
		Release|x64 = Release|x64
		Release|x86 = Release|x86
	EndGlobalSection
	GlobalSection(SolutionProperties) = preSolution
		HideSolutionNode = FALSE
	EndGlobalSection
	GlobalSection(ProjectConfigurationPlatforms) = postSolution
		{86B4F973-9F6A-42B7-AF62-8E297772C741}.Debug|Any CPU.ActiveCfg = Debug|Any CPU
		{86B4F973-9F6A-42B7-AF62-8E297772C741}.Debug|Any CPU.Build.0 = Debug|Any CPU
		{86B4F973-9F6A-42B7-AF62-8E297772C741}.Debug|x64.ActiveCfg = Debug|Any CPU
		{86B4F973-9F6A-42B7-AF62-8E297772C741}.Debug|x64.Build.0 = Debug|Any CPU
		{86B4F973-9F6A-42B7-AF62-8E297772C741}.Debug|x86.ActiveCfg = Debug|Any CPU
		{86B4F973-9F6A-42B7-AF62-8E297772C741}.Debug|x86.Build.0 = Debug|Any CPU
		{86B4F973-9F6A-42B7-AF62-8E297772C741}.Release|Any CPU.ActiveCfg = Release|Any CPU
		{86B4F973-9F6A-42B7-AF62-8E297772C741}.Release|Any CPU.Build.0 = Release|Any CPU
		{86B4F973-9F6A-42B7-AF62-8E297772C741}.Release|x64.ActiveCfg = Release|Any CPU
		{86B4F973-9F6A-42B7-AF62-8E297772C741}.Release|x64.Build.0 = Release|Any CPU
		{86B4F973-9F6A-42B7-AF62-8E297772C741}.Release|x86.ActiveCfg = Release|Any CPU
		{86B4F973-9F6A-42B7-AF62-8E297772C741}.Release|x86.Build.0 = Release|Any CPU
		{0B55E32F-0420-42A3-B16C-E82EFBE30761}.Debug|Any CPU.ActiveCfg = Debug|Any CPU
		{0B55E32F-0420-42A3-B16C-E82EFBE30761}.Debug|Any CPU.Build.0 = Debug|Any CPU
		{0B55E32F-0420-42A3-B16C-E82EFBE30761}.Debug|x64.ActiveCfg = Debug|Any CPU
		{0B55E32F-0420-42A3-B16C-E82EFBE30761}.Debug|x64.Build.0 = Debug|Any CPU
		{0B55E32F-0420-42A3-B16C-E82EFBE30761}.Debug|x86.ActiveCfg = Debug|Any CPU
		{0B55E32F-0420-42A3-B16C-E82EFBE30761}.Debug|x86.Build.0 = Debug|Any CPU
		{0B55E32F-0420-42A3-B16C-E82EFBE30761}.Release|Any CPU.ActiveCfg = Release|Any CPU
		{0B55E32F-0420-42A3-B16C-E82EFBE30761}.Release|Any CPU.Build.0 = Release|Any CPU
		{0B55E32F-0420-42A3-B16C-E82EFBE30761}.Release|x64.ActiveCfg = Release|Any CPU
		{0B55E32F-0420-42A3-B16C-E82EFBE30761}.Release|x64.Build.0 = Release|Any CPU
		{0B55E32F-0420-42A3-B16C-E82EFBE30761}.Release|x86.ActiveCfg = Release|Any CPU
		{0B55E32F-0420-42A3-B16C-E82EFBE30761}.Release|x86.Build.0 = Release|Any CPU
		{9C76961D-1B39-460A-B79C-90568536F24D}.Debug|Any CPU.ActiveCfg = Debug|Any CPU
		{9C76961D-1B39-460A-B79C-90568536F24D}.Debug|Any CPU.Build.0 = Debug|Any CPU
		{9C76961D-1B39-460A-B79C-90568536F24D}.Debug|x64.ActiveCfg = Debug|Any CPU
		{9C76961D-1B39-460A-B79C-90568536F24D}.Debug|x64.Build.0 = Debug|Any CPU
		{9C76961D-1B39-460A-B79C-90568536F24D}.Debug|x86.ActiveCfg = Debug|Any CPU
		{9C76961D-1B39-460A-B79C-90568536F24D}.Debug|x86.Build.0 = Debug|Any CPU
		{9C76961D-1B39-460A-B79C-90568536F24D}.Release|Any CPU.ActiveCfg = Release|Any CPU
		{9C76961D-1B39-460A-B79C-90568536F24D}.Release|Any CPU.Build.0 = Release|Any CPU
		{9C76961D-1B39-460A-B79C-90568536F24D}.Release|x64.ActiveCfg = Release|Any CPU
		{9C76961D-1B39-460A-B79C-90568536F24D}.Release|x64.Build.0 = Release|Any CPU
		{9C76961D-1B39-460A-B79C-90568536F24D}.Release|x86.ActiveCfg = Release|Any CPU
		{9C76961D-1B39-460A-B79C-90568536F24D}.Release|x86.Build.0 = Release|Any CPU
	EndGlobalSection
EndGlobal
